
Microsoft Visual Studio Solution File, Format Version 12.00
# Visual Studio Version 17
VisualStudioVersion = 17.14.36408.4 d17.14
MinimumVisualStudioVersion = 10.0.40219.1
Project("{FAE04EC0-301F-11D3-BF4B-00C04F79EFBC}") = "Shape Area Calculator", "Shape Area Calculator.csproj", "{2F917AEC-2C5A-4B36-9AFE-88D8A5A0CA52}"
EndProject
Global
	GlobalSection(SolutionConfigurationPlatforms) = preSolution
		Debug|Any CPU = Debug|Any CPU
		Release|Any CPU = Release|Any CPU
	EndGlobalSection
	GlobalSection(ProjectConfigurationPlatforms) = postSolution
		{2F917AEC-2C5A-4B36-9AFE-88D8A5A0CA52}.Debug|Any CPU.ActiveCfg = Debug|Any CPU
		{2F917AEC-2C5A-4B36-9AFE-88D8A5A0CA52}.Debug|Any CPU.Build.0 = Debug|Any CPU
		{2F917AEC-2C5A-4B36-9AFE-88D8A5A0CA52}.Release|Any CPU.ActiveCfg = Release|Any CPU
		{2F917AEC-2C5A-4B36-9AFE-88D8A5A0CA52}.Release|Any CPU.Build.0 = Release|Any CPU
	EndGlobalSection
	GlobalSection(SolutionProperties) = preSolution
		HideSolutionNode = FALSE
	EndGlobalSection
	GlobalSection(ExtensibilityGlobals) = postSolution
		SolutionGuid = {6C5C6E72-E2D3-47B1-9041-66A99A2CA0C1}
	EndGlobalSection
EndGlobal
