
Microsoft Visual Studio Solution File, Format Version 12.00
# Visual Studio Version 17
VisualStudioVersion = 17.14.36408.4 d17.14
MinimumVisualStudioVersion = 10.0.40219.1
Project("{FAE04EC0-301F-11D3-BF4B-00C04F79EFBC}") = "Vehicle Rental System", "Vehicle Rental System.csproj", "{39859519-8940-4F0E-AB94-EECEF261411F}"
EndProject
Global
	GlobalSection(SolutionConfigurationPlatforms) = preSolution
		Debug|Any CPU = Debug|Any CPU
		Release|Any CPU = Release|Any CPU
	EndGlobalSection
	GlobalSection(ProjectConfigurationPlatforms) = postSolution
		{39859519-8940-4F0E-AB94-EECEF261411F}.Debug|Any CPU.ActiveCfg = Debug|Any CPU
		{39859519-8940-4F0E-AB94-EECEF261411F}.Debug|Any CPU.Build.0 = Debug|Any CPU
		{39859519-8940-4F0E-AB94-EECEF261411F}.Release|Any CPU.ActiveCfg = Release|Any CPU
		{39859519-8940-4F0E-AB94-EECEF261411F}.Release|Any CPU.Build.0 = Release|Any CPU
	EndGlobalSection
	GlobalSection(SolutionProperties) = preSolution
		HideSolutionNode = FALSE
	EndGlobalSection
	GlobalSection(ExtensibilityGlobals) = postSolution
		SolutionGuid = {79F69060-CD3A-474A-A56E-288DBF45F918}
	EndGlobalSection
EndGlobal
